// !$*UTF8*$!
{
	archiveVersion = 1;
	classes = {
	};
	objectVersion = 48;
	objects = {

/* Begin PBXBuildFile section */
		0082B1ABC8361CD8F4060065 /* Pods_GithubUserTestTests.framework in Frameworks */ = {isa = PBXBuildFile; fileRef = 6CB75E4F0055CAC0184BF146 /* Pods_GithubUserTestTests.framework */; };
		84A307A22166497000F58769 /* AppDelegate.swift in Sources */ = {isa = PBXBuildFile; fileRef = 84A307A12166497000F58769 /* AppDelegate.swift */; };
		84A307A42166497000F58769 /* ViewController.swift in Sources */ = {isa = PBXBuildFile; fileRef = 84A307A32166497000F58769 /* ViewController.swift */; };
		84A307A72166497000F58769 /* Main.storyboard in Resources */ = {isa = PBXBuildFile; fileRef = 84A307A52166497000F58769 /* Main.storyboard */; };
		84A307A92166497000F58769 /* Assets.xcassets in Resources */ = {isa = PBXBuildFile; fileRef = 84A307A82166497000F58769 /* Assets.xcassets */; };
		84A307AC2166497000F58769 /* LaunchScreen.storyboard in Resources */ = {isa = PBXBuildFile; fileRef = 84A307AA2166497000F58769 /* LaunchScreen.storyboard */; };
		84A307B72166497000F58769 /* GithubUserTestTests.swift in Sources */ = {isa = PBXBuildFile; fileRef = 84A307B62166497000F58769 /* GithubUserTestTests.swift */; };
		84A307CB21664AF300F58769 /* ExtensionUIColor.swift in Sources */ = {isa = PBXBuildFile; fileRef = 84A307C521664AF300F58769 /* ExtensionUIColor.swift */; };
		84A307CF21664AF300F58769 /* ExtensionUIView.swift in Sources */ = {isa = PBXBuildFile; fileRef = 84A307C921664AF300F58769 /* ExtensionUIView.swift */; };
		84A307D421665ED100F58769 /* UserCell.swift in Sources */ = {isa = PBXBuildFile; fileRef = 84A307D321665ED100F58769 /* UserCell.swift */; };
		84A307D72166639000F58769 /* User.swift in Sources */ = {isa = PBXBuildFile; fileRef = 84A307D62166639000F58769 /* User.swift */; };
		CABF1BD14705CE75E47F8039 /* Pods_GithubUserTest.framework in Frameworks */ = {isa = PBXBuildFile; fileRef = 8C6853D05AF0567AC3EEE7A1 /* Pods_GithubUserTest.framework */; };
/* End PBXBuildFile section */

/* Begin PBXContainerItemProxy section */
		84A307B32166497000F58769 /* PBXContainerItemProxy */ = {
			isa = PBXContainerItemProxy;
			containerPortal = 84A307962166497000F58769 /* Project object */;
			proxyType = 1;
			remoteGlobalIDString = 84A3079D2166497000F58769;
			remoteInfo = GithubUserTest;
		};
/* End PBXContainerItemProxy section */

/* Begin PBXFileReference section */
		2C4DC7DF59C004B8CBDA2325 /* Pods-GithubUserTestTests.debug.xcconfig */ = {isa = PBXFileReference; includeInIndex = 1; lastKnownFileType = text.xcconfig; name = "Pods-GithubUserTestTests.debug.xcconfig"; path = "Pods/Target Support Files/Pods-GithubUserTestTests/Pods-GithubUserTestTests.debug.xcconfig"; sourceTree = "<group>"; };
		571721DAB4F7F2F13DBC173D /* Pods-GithubUserTest.debug.xcconfig */ = {isa = PBXFileReference; includeInIndex = 1; lastKnownFileType = text.xcconfig; name = "Pods-GithubUserTest.debug.xcconfig"; path = "Pods/Target Support Files/Pods-GithubUserTest/Pods-GithubUserTest.debug.xcconfig"; sourceTree = "<group>"; };
		6CB75E4F0055CAC0184BF146 /* Pods_GithubUserTestTests.framework */ = {isa = PBXFileReference; explicitFileType = wrapper.framework; includeInIndex = 0; path = Pods_GithubUserTestTests.framework; sourceTree = BUILT_PRODUCTS_DIR; };
		81C1539AD57475C19BB1243B /* Pods-GithubUserTest.release.xcconfig */ = {isa = PBXFileReference; includeInIndex = 1; lastKnownFileType = text.xcconfig; name = "Pods-GithubUserTest.release.xcconfig"; path = "Pods/Target Support Files/Pods-GithubUserTest/Pods-GithubUserTest.release.xcconfig"; sourceTree = "<group>"; };
		84A3079E2166497000F58769 /* GithubUserTest.app */ = {isa = PBXFileReference; explicitFileType = wrapper.application; includeInIndex = 0; path = GithubUserTest.app; sourceTree = BUILT_PRODUCTS_DIR; };
		84A307A12166497000F58769 /* AppDelegate.swift */ = {isa = PBXFileReference; lastKnownFileType = sourcecode.swift; path = AppDelegate.swift; sourceTree = "<group>"; };
		84A307A32166497000F58769 /* ViewController.swift */ = {isa = PBXFileReference; lastKnownFileType = sourcecode.swift; path = ViewController.swift; sourceTree = "<group>"; };
		84A307A62166497000F58769 /* Base */ = {isa = PBXFileReference; lastKnownFileType = file.storyboard; name = Base; path = Base.lproj/Main.storyboard; sourceTree = "<group>"; };
		84A307A82166497000F58769 /* Assets.xcassets */ = {isa = PBXFileReference; lastKnownFileType = folder.assetcatalog; path = Assets.xcassets; sourceTree = "<group>"; };
		84A307AB2166497000F58769 /* Base */ = {isa = PBXFileReference; lastKnownFileType = file.storyboard; name = Base; path = Base.lproj/LaunchScreen.storyboard; sourceTree = "<group>"; };
		84A307AD2166497000F58769 /* Info.plist */ = {isa = PBXFileReference; lastKnownFileType = text.plist.xml; path = Info.plist; sourceTree = "<group>"; };
		84A307B22166497000F58769 /* GithubUserTestTests.xctest */ = {isa = PBXFileReference; explicitFileType = wrapper.cfbundle; includeInIndex = 0; path = GithubUserTestTests.xctest; sourceTree = BUILT_PRODUCTS_DIR; };
		84A307B62166497000F58769 /* GithubUserTestTests.swift */ = {isa = PBXFileReference; lastKnownFileType = sourcecode.swift; path = GithubUserTestTests.swift; sourceTree = "<group>"; };
		84A307B82166497000F58769 /* Info.plist */ = {isa = PBXFileReference; lastKnownFileType = text.plist.xml; path = Info.plist; sourceTree = "<group>"; };
		84A307C521664AF300F58769 /* ExtensionUIColor.swift */ = {isa = PBXFileReference; fileEncoding = 4; lastKnownFileType = sourcecode.swift; path = ExtensionUIColor.swift; sourceTree = "<group>"; };
		84A307C921664AF300F58769 /* ExtensionUIView.swift */ = {isa = PBXFileReference; fileEncoding = 4; lastKnownFileType = sourcecode.swift; path = ExtensionUIView.swift; sourceTree = "<group>"; };
		84A307D321665ED100F58769 /* UserCell.swift */ = {isa = PBXFileReference; lastKnownFileType = sourcecode.swift; path = UserCell.swift; sourceTree = "<group>"; };
		84A307D62166639000F58769 /* User.swift */ = {isa = PBXFileReference; lastKnownFileType = sourcecode.swift; path = User.swift; sourceTree = "<group>"; };
		8C6853D05AF0567AC3EEE7A1 /* Pods_GithubUserTest.framework */ = {isa = PBXFileReference; explicitFileType = wrapper.framework; includeInIndex = 0; path = Pods_GithubUserTest.framework; sourceTree = BUILT_PRODUCTS_DIR; };
		F603D27EFEBDA616E266F9BA /* Pods-GithubUserTestTests.release.xcconfig */ = {isa = PBXFileReference; includeInIndex = 1; lastKnownFileType = text.xcconfig; name = "Pods-GithubUserTestTests.release.xcconfig"; path = "Pods/Target Support Files/Pods-GithubUserTestTests/Pods-GithubUserTestTests.release.xcconfig"; sourceTree = "<group>"; };
/* End PBXFileReference section */

/* Begin PBXFrameworksBuildPhase section */
		84A3079B2166497000F58769 /* Frameworks */ = {
			isa = PBXFrameworksBuildPhase;
			buildActionMask = 2147483647;
			files = (
				CABF1BD14705CE75E47F8039 /* Pods_GithubUserTest.framework in Frameworks */,
			);
			runOnlyForDeploymentPostprocessing = 0;
		};
		84A307AF2166497000F58769 /* Frameworks */ = {
			isa = PBXFrameworksBuildPhase;
			buildActionMask = 2147483647;
			files = (
				0082B1ABC8361CD8F4060065 /* Pods_GithubUserTestTests.framework in Frameworks */,
			);
			runOnlyForDeploymentPostprocessing = 0;
		};
/* End PBXFrameworksBuildPhase section */

/* Begin PBXGroup section */
		7D20FA92ACBB45383092DBE4 /* Pods */ = {
			isa = PBXGroup;
			children = (
				571721DAB4F7F2F13DBC173D /* Pods-GithubUserTest.debug.xcconfig */,
				81C1539AD57475C19BB1243B /* Pods-GithubUserTest.release.xcconfig */,
				2C4DC7DF59C004B8CBDA2325 /* Pods-GithubUserTestTests.debug.xcconfig */,
				F603D27EFEBDA616E266F9BA /* Pods-GithubUserTestTests.release.xcconfig */,
			);
			name = Pods;
			sourceTree = "<group>";
		};
		84A307952166497000F58769 = {
			isa = PBXGroup;
			children = (
				84A307A02166497000F58769 /* GithubUserTest */,
				84A307B52166497000F58769 /* GithubUserTestTests */,
				84A3079F2166497000F58769 /* Products */,
				7D20FA92ACBB45383092DBE4 /* Pods */,
				9838D0979778490F82F56789 /* Frameworks */,
			);
			sourceTree = "<group>";
		};
		84A3079F2166497000F58769 /* Products */ = {
			isa = PBXGroup;
			children = (
				84A3079E2166497000F58769 /* GithubUserTest.app */,
				84A307B22166497000F58769 /* GithubUserTestTests.xctest */,
			);
			name = Products;
			sourceTree = "<group>";
		};
		84A307A02166497000F58769 /* GithubUserTest */ = {
			isa = PBXGroup;
			children = (
				84A307A12166497000F58769 /* AppDelegate.swift */,
				84A307AD2166497000F58769 /* Info.plist */,
				84A307DA21667ADB00F58769 /* Controller */,
				84A307D52166638300F58769 /* Model */,
				84A307C421664AF300F58769 /* Helpers */,
				84A307C12166498B00F58769 /* Views */,
				84A307A82166497000F58769 /* Assets.xcassets */,
			);
			path = GithubUserTest;
			sourceTree = "<group>";
		};
		84A307B52166497000F58769 /* GithubUserTestTests */ = {
			isa = PBXGroup;
			children = (
				84A307B62166497000F58769 /* GithubUserTestTests.swift */,
				84A307B82166497000F58769 /* Info.plist */,
			);
			path = GithubUserTestTests;
			sourceTree = "<group>";
		};
		84A307C12166498B00F58769 /* Views */ = {
			isa = PBXGroup;
			children = (
				84A307AA2166497000F58769 /* LaunchScreen.storyboard */,
				84A307A52166497000F58769 /* Main.storyboard */,
				84A307D321665ED100F58769 /* UserCell.swift */,
			);
			path = Views;
			sourceTree = "<group>";
		};
		84A307C421664AF300F58769 /* Helpers */ = {
			isa = PBXGroup;
			children = (
				84A307C521664AF300F58769 /* ExtensionUIColor.swift */,
				84A307C921664AF300F58769 /* ExtensionUIView.swift */,
			);
			path = Helpers;
			sourceTree = "<group>";
		};
		84A307D52166638300F58769 /* Model */ = {
			isa = PBXGroup;
			children = (
				84A307D62166639000F58769 /* User.swift */,
			);
			path = Model;
			sourceTree = "<group>";
		};
		84A307DA21667ADB00F58769 /* Controller */ = {
			isa = PBXGroup;
			children = (
				84A307A32166497000F58769 /* ViewController.swift */,
			);
			path = Controller;
			sourceTree = "<group>";
		};
		9838D0979778490F82F56789 /* Frameworks */ = {
			isa = PBXGroup;
			children = (
				8C6853D05AF0567AC3EEE7A1 /* Pods_GithubUserTest.framework */,
				6CB75E4F0055CAC0184BF146 /* Pods_GithubUserTestTests.framework */,
			);
			name = Frameworks;
			sourceTree = "<group>";
		};
/* End PBXGroup section */

/* Begin PBXNativeTarget section */
		84A3079D2166497000F58769 /* GithubUserTest */ = {
			isa = PBXNativeTarget;
			buildConfigurationList = 84A307BB2166497000F58769 /* Build configuration list for PBXNativeTarget "GithubUserTest" */;
			buildPhases = (
				35C120D825A7FECE4068FF3F /* [CP] Check Pods Manifest.lock */,
				84A3079A2166497000F58769 /* Sources */,
				84A3079B2166497000F58769 /* Frameworks */,
				84A3079C2166497000F58769 /* Resources */,
				9281A4882C79E7C304863261 /* [CP] Embed Pods Frameworks */,
				9433C278F74F11A4BEF0193B /* [CP] Copy Pods Resources */,
			);
			buildRules = (
			);
			dependencies = (
			);
			name = GithubUserTest;
			productName = GithubUserTest;
			productReference = 84A3079E2166497000F58769 /* GithubUserTest.app */;
			productType = "com.apple.product-type.application";
		};
		84A307B12166497000F58769 /* GithubUserTestTests */ = {
			isa = PBXNativeTarget;
			buildConfigurationList = 84A307BE2166497000F58769 /* Build configuration list for PBXNativeTarget "GithubUserTestTests" */;
			buildPhases = (
				537D286374DACB48603379FC /* [CP] Check Pods Manifest.lock */,
				84A307AE2166497000F58769 /* Sources */,
				84A307AF2166497000F58769 /* Frameworks */,
				84A307B02166497000F58769 /* Resources */,
				228A611CAF9746ED3E5CC1CB /* [CP] Embed Pods Frameworks */,
				8636971A851F7E6C649B1170 /* [CP] Copy Pods Resources */,
			);
			buildRules = (
			);
			dependencies = (
				84A307B42166497000F58769 /* PBXTargetDependency */,
			);
			name = GithubUserTestTests;
			productName = GithubUserTestTests;
			productReference = 84A307B22166497000F58769 /* GithubUserTestTests.xctest */;
			productType = "com.apple.product-type.bundle.unit-test";
		};
/* End PBXNativeTarget section */

/* Begin PBXProject section */
		84A307962166497000F58769 /* Project object */ = {
			isa = PBXProject;
			attributes = {
				LastSwiftUpdateCheck = 0920;
				LastUpgradeCheck = 0920;
				ORGANIZATIONNAME = "Chris Ferdian";
				TargetAttributes = {
					84A3079D2166497000F58769 = {
						CreatedOnToolsVersion = 9.2;
						ProvisioningStyle = Automatic;
					};
					84A307B12166497000F58769 = {
						CreatedOnToolsVersion = 9.2;
						ProvisioningStyle = Automatic;
						TestTargetID = 84A3079D2166497000F58769;
					};
				};
			};
			buildConfigurationList = 84A307992166497000F58769 /* Build configuration list for PBXProject "GithubUserTest" */;
			compatibilityVersion = "Xcode 8.0";
			developmentRegion = en;
			hasScannedForEncodings = 0;
			knownRegions = (
				en,
				Base,
			);
			mainGroup = 84A307952166497000F58769;
			productRefGroup = 84A3079F2166497000F58769 /* Products */;
			projectDirPath = "";
			projectRoot = "";
			targets = (
				84A3079D2166497000F58769 /* GithubUserTest */,
				84A307B12166497000F58769 /* GithubUserTestTests */,
			);
		};
/* End PBXProject section */

/* Begin PBXResourcesBuildPhase section */
		84A3079C2166497000F58769 /* Resources */ = {
			isa = PBXResourcesBuildPhase;
			buildActionMask = 2147483647;
			files = (
				84A307AC2166497000F58769 /* LaunchScreen.storyboard in Resources */,
				84A307A92166497000F58769 /* Assets.xcassets in Resources */,
				84A307A72166497000F58769 /* Main.storyboard in Resources */,
			);
			runOnlyForDeploymentPostprocessing = 0;
		};
		84A307B02166497000F58769 /* Resources */ = {
			isa = PBXResourcesBuildPhase;
			buildActionMask = 2147483647;
			files = (
			);
			runOnlyForDeploymentPostprocessing = 0;
		};
/* End PBXResourcesBuildPhase section */

/* Begin PBXShellScriptBuildPhase section */
		228A611CAF9746ED3E5CC1CB /* [CP] Embed Pods Frameworks */ = {
			isa = PBXShellScriptBuildPhase;
			buildActionMask = 2147483647;
			files = (
			);
			inputPaths = (
			);
			name = "[CP] Embed Pods Frameworks";
			outputPaths = (
			);
			runOnlyForDeploymentPostprocessing = 0;
			shellPath = /bin/sh;
			shellScript = "\"${SRCROOT}/Pods/Target Support Files/Pods-GithubUserTestTests/Pods-GithubUserTestTests-frameworks.sh\"\n";
			showEnvVarsInLog = 0;
		};
		35C120D825A7FECE4068FF3F /* [CP] Check Pods Manifest.lock */ = {
			isa = PBXShellScriptBuildPhase;
			buildActionMask = 2147483647;
			files = (
			);
			inputPaths = (
				"${PODS_PODFILE_DIR_PATH}/Podfile.lock",
				"${PODS_ROOT}/Manifest.lock",
			);
			name = "[CP] Check Pods Manifest.lock";
			outputPaths = (
				"$(DERIVED_FILE_DIR)/Pods-GithubUserTest-checkManifestLockResult.txt",
			);
			runOnlyForDeploymentPostprocessing = 0;
			shellPath = /bin/sh;
			shellScript = "diff \"${PODS_PODFILE_DIR_PATH}/Podfile.lock\" \"${PODS_ROOT}/Manifest.lock\" > /dev/null\nif [ $? != 0 ] ; then\n    # print error to STDERR\n    echo \"error: The sandbox is not in sync with the Podfile.lock. Run 'pod install' or update your CocoaPods installation.\" >&2\n    exit 1\nfi\n# This output is used by Xcode 'outputs' to avoid re-running this script phase.\necho \"SUCCESS\" > \"${SCRIPT_OUTPUT_FILE_0}\"\n";
			showEnvVarsInLog = 0;
		};
		537D286374DACB48603379FC /* [CP] Check Pods Manifest.lock */ = {
			isa = PBXShellScriptBuildPhase;
			buildActionMask = 2147483647;
			files = (
			);
			inputPaths = (
				"${PODS_PODFILE_DIR_PATH}/Podfile.lock",
				"${PODS_ROOT}/Manifest.lock",
			);
			name = "[CP] Check Pods Manifest.lock";
			outputPaths = (
				"$(DERIVED_FILE_DIR)/Pods-GithubUserTestTests-checkManifestLockResult.txt",
			);
			runOnlyForDeploymentPostprocessing = 0;
			shellPath = /bin/sh;
			shellScript = "diff \"${PODS_PODFILE_DIR_PATH}/Podfile.lock\" \"${PODS_ROOT}/Manifest.lock\" > /dev/null\nif [ $? != 0 ] ; then\n    # print error to STDERR\n    echo \"error: The sandbox is not in sync with the Podfile.lock. Run 'pod install' or update your CocoaPods installation.\" >&2\n    exit 1\nfi\n# This output is used by Xcode 'outputs' to avoid re-running this script phase.\necho \"SUCCESS\" > \"${SCRIPT_OUTPUT_FILE_0}\"\n";
			showEnvVarsInLog = 0;
		};
		8636971A851F7E6C649B1170 /* [CP] Copy Pods Resources */ = {
			isa = PBXShellScriptBuildPhase;
			buildActionMask = 2147483647;
			files = (
			);
			inputPaths = (
			);
			name = "[CP] Copy Pods Resources";
			outputPaths = (
			);
			runOnlyForDeploymentPostprocessing = 0;
			shellPath = /bin/sh;
			shellScript = "\"${SRCROOT}/Pods/Target Support Files/Pods-GithubUserTestTests/Pods-GithubUserTestTests-resources.sh\"\n";
			showEnvVarsInLog = 0;
		};
		9281A4882C79E7C304863261 /* [CP] Embed Pods Frameworks */ = {
			isa = PBXShellScriptBuildPhase;
			buildActionMask = 2147483647;
			files = (
			);
			inputPaths = (
				"${SRCROOT}/Pods/Target Support Files/Pods-GithubUserTest/Pods-GithubUserTest-frameworks.sh",
				"${BUILT_PRODUCTS_DIR}/Alamofire/Alamofire.framework",
				"${BUILT_PRODUCTS_DIR}/AlamofireObjectMapper/AlamofireObjectMapper.framework",
				"${BUILT_PRODUCTS_DIR}/ObjectMapper/ObjectMapper.framework",
				"${BUILT_PRODUCTS_DIR}/SDWebImage/SDWebImage.framework",
			);
			name = "[CP] Embed Pods Frameworks";
			outputPaths = (
				"${TARGET_BUILD_DIR}/${FRAMEWORKS_FOLDER_PATH}/Alamofire.framework",
				"${TARGET_BUILD_DIR}/${FRAMEWORKS_FOLDER_PATH}/AlamofireObjectMapper.framework",
				"${TARGET_BUILD_DIR}/${FRAMEWORKS_FOLDER_PATH}/ObjectMapper.framework",
				"${TARGET_BUILD_DIR}/${FRAMEWORKS_FOLDER_PATH}/SDWebImage.framework",
			);
			runOnlyForDeploymentPostprocessing = 0;
			shellPath = /bin/sh;
			shellScript = "\"${SRCROOT}/Pods/Target Support Files/Pods-GithubUserTest/Pods-GithubUserTest-frameworks.sh\"\n";
			showEnvVarsInLog = 0;
		};
		9433C278F74F11A4BEF0193B /* [CP] Copy Pods Resources */ = {
			isa = PBXShellScriptBuildPhase;
			buildActionMask = 2147483647;
			files = (
			);
			inputPaths = (
			);
			name = "[CP] Copy Pods Resources";
			outputPaths = (
			);
			runOnlyForDeploymentPostprocessing = 0;
			shellPath = /bin/sh;
			shellScript = "\"${SRCROOT}/Pods/Target Support Files/Pods-GithubUserTest/Pods-GithubUserTest-resources.sh\"\n";
			showEnvVarsInLog = 0;
		};
/* End PBXShellScriptBuildPhase section */

/* Begin PBXSourcesBuildPhase section */
		84A3079A2166497000F58769 /* Sources */ = {
			isa = PBXSourcesBuildPhase;
			buildActionMask = 2147483647;
			files = (
				84A307A42166497000F58769 /* ViewController.swift in Sources */,
				84A307D421665ED100F58769 /* UserCell.swift in Sources */,
				84A307A22166497000F58769 /* AppDelegate.swift in Sources */,
				84A307CF21664AF300F58769 /* ExtensionUIView.swift in Sources */,
				84A307CB21664AF300F58769 /* ExtensionUIColor.swift in Sources */,
				84A307D72166639000F58769 /* User.swift in Sources */,
			);
			runOnlyForDeploymentPostprocessing = 0;
		};
		84A307AE2166497000F58769 /* Sources */ = {
			isa = PBXSourcesBuildPhase;
			buildActionMask = 2147483647;
			files = (
				84A307B72166497000F58769 /* GithubUserTestTests.swift in Sources */,
			);
			runOnlyForDeploymentPostprocessing = 0;
		};
/* End PBXSourcesBuildPhase section */

/* Begin PBXTargetDependency section */
		84A307B42166497000F58769 /* PBXTargetDependency */ = {
			isa = PBXTargetDependency;
			target = 84A3079D2166497000F58769 /* GithubUserTest */;
			targetProxy = 84A307B32166497000F58769 /* PBXContainerItemProxy */;
		};
/* End PBXTargetDependency section */

/* Begin PBXVariantGroup section */
		84A307A52166497000F58769 /* Main.storyboard */ = {
			isa = PBXVariantGroup;
			children = (
				84A307A62166497000F58769 /* Base */,
			);
			name = Main.storyboard;
			sourceTree = "<group>";
		};
		84A307AA2166497000F58769 /* LaunchScreen.storyboard */ = {
			isa = PBXVariantGroup;
			children = (
				84A307AB2166497000F58769 /* Base */,
			);
			name = LaunchScreen.storyboard;
			sourceTree = "<group>";
		};
/* End PBXVariantGroup section */

/* Begin XCBuildConfiguration section */
		84A307B92166497000F58769 /* Debug */ = {
			isa = XCBuildConfiguration;
			buildSettings = {
				ALWAYS_SEARCH_USER_PATHS = NO;
				CLANG_ANALYZER_NONNULL = YES;
				CLANG_ANALYZER_NUMBER_OBJECT_CONVERSION = YES_AGGRESSIVE;
				CLANG_CXX_LANGUAGE_STANDARD = "gnu++14";
				CLANG_CXX_LIBRARY = "libc++";
				CLANG_ENABLE_MODULES = YES;
				CLANG_ENABLE_OBJC_ARC = YES;
				CLANG_WARN_BLOCK_CAPTURE_AUTORELEASING = YES;
				CLANG_WARN_BOOL_CONVERSION = YES;
				CLANG_WARN_COMMA = YES;
				CLANG_WARN_CONSTANT_CONVERSION = YES;
				CLANG_WARN_DIRECT_OBJC_ISA_USAGE = YES_ERROR;
				CLANG_WARN_DOCUMENTATION_COMMENTS = YES;
				CLANG_WARN_EMPTY_BODY = YES;
				CLANG_WARN_ENUM_CONVERSION = YES;
				CLANG_WARN_INFINITE_RECURSION = YES;
				CLANG_WARN_INT_CONVERSION = YES;
				CLANG_WARN_NON_LITERAL_NULL_CONVERSION = YES;
				CLANG_WARN_OBJC_LITERAL_CONVERSION = YES;
				CLANG_WARN_OBJC_ROOT_CLASS = YES_ERROR;
				CLANG_WARN_RANGE_LOOP_ANALYSIS = YES;
				CLANG_WARN_STRICT_PROTOTYPES = YES;
				CLANG_WARN_SUSPICIOUS_MOVE = YES;
				CLANG_WARN_UNGUARDED_AVAILABILITY = YES_AGGRESSIVE;
				CLANG_WARN_UNREACHABLE_CODE = YES;
				CLANG_WARN__DUPLICATE_METHOD_MATCH = YES;
				CODE_SIGN_IDENTITY = "iPhone Developer";
				COPY_PHASE_STRIP = NO;
				DEBUG_INFORMATION_FORMAT = dwarf;
				ENABLE_STRICT_OBJC_MSGSEND = YES;
				ENABLE_TESTABILITY = YES;
				GCC_C_LANGUAGE_STANDARD = gnu11;
				GCC_DYNAMIC_NO_PIC = NO;
				GCC_NO_COMMON_BLOCKS = YES;
				GCC_OPTIMIZATION_LEVEL = 0;
				GCC_PREPROCESSOR_DEFINITIONS = (
					"DEBUG=1",
					"$(inherited)",
				);
				GCC_WARN_64_TO_32_BIT_CONVERSION = YES;
				GCC_WARN_ABOUT_RETURN_TYPE = YES_ERROR;
				GCC_WARN_UNDECLARED_SELECTOR = YES;
				GCC_WARN_UNINITIALIZED_AUTOS = YES_AGGRESSIVE;
				GCC_WARN_UNUSED_FUNCTION = YES;
				GCC_WARN_UNUSED_VARIABLE = YES;
				IPHONEOS_DEPLOYMENT_TARGET = 11.2;
				MTL_ENABLE_DEBUG_INFO = YES;
				ONLY_ACTIVE_ARCH = YES;
				SDKROOT = iphoneos;
				SWIFT_ACTIVE_COMPILATION_CONDITIONS = DEBUG;
				SWIFT_OPTIMIZATION_LEVEL = "-Onone";
			};
			name = Debug;
		};
		84A307BA2166497000F58769 /* Release */ = {
			isa = XCBuildConfiguration;
			buildSettings = {
				ALWAYS_SEARCH_USER_PATHS = NO;
				CLANG_ANALYZER_NONNULL = YES;
				CLANG_ANALYZER_NUMBER_OBJECT_CONVERSION = YES_AGGRESSIVE;
				CLANG_CXX_LANGUAGE_STANDARD = "gnu++14";
				CLANG_CXX_LIBRARY = "libc++";
				CLANG_ENABLE_MODULES = YES;
				CLANG_ENABLE_OBJC_ARC = YES;
				CLANG_WARN_BLOCK_CAPTURE_AUTORELEASING = YES;
				CLANG_WARN_BOOL_CONVERSION = YES;
				CLANG_WARN_COMMA = YES;
				CLANG_WARN_CONSTANT_CONVERSION = YES;
				CLANG_WARN_DIRECT_OBJC_ISA_USAGE = YES_ERROR;
				CLANG_WARN_DOCUMENTATION_COMMENTS = YES;
				CLANG_WARN_EMPTY_BODY = YES;
				CLANG_WARN_ENUM_CONVERSION = YES;
				CLANG_WARN_INFINITE_RECURSION = YES;
				CLANG_WARN_INT_CONVERSION = YES;
				CLANG_WARN_NON_LITERAL_NULL_CONVERSION = YES;
				CLANG_WARN_OBJC_LITERAL_CONVERSION = YES;
				CLANG_WARN_OBJC_ROOT_CLASS = YES_ERROR;
				CLANG_WARN_RANGE_LOOP_ANALYSIS = YES;
				CLANG_WARN_STRICT_PROTOTYPES = YES;
				CLANG_WARN_SUSPICIOUS_MOVE = YES;
				CLANG_WARN_UNGUARDED_AVAILABILITY = YES_AGGRESSIVE;
				CLANG_WARN_UNREACHABLE_CODE = YES;
				CLANG_WARN__DUPLICATE_METHOD_MATCH = YES;
				CODE_SIGN_IDENTITY = "iPhone Developer";
				COPY_PHASE_STRIP = NO;
				DEBUG_INFORMATION_FORMAT = "dwarf-with-dsym";
				ENABLE_NS_ASSERTIONS = NO;
				ENABLE_STRICT_OBJC_MSGSEND = YES;
				GCC_C_LANGUAGE_STANDARD = gnu11;
				GCC_NO_COMMON_BLOCKS = YES;
				GCC_WARN_64_TO_32_BIT_CONVERSION = YES;
				GCC_WARN_ABOUT_RETURN_TYPE = YES_ERROR;
				GCC_WARN_UNDECLARED_SELECTOR = YES;
				GCC_WARN_UNINITIALIZED_AUTOS = YES_AGGRESSIVE;
				GCC_WARN_UNUSED_FUNCTION = YES;
				GCC_WARN_UNUSED_VARIABLE = YES;
				IPHONEOS_DEPLOYMENT_TARGET = 11.2;
				MTL_ENABLE_DEBUG_INFO = NO;
				SDKROOT = iphoneos;
				SWIFT_OPTIMIZATION_LEVEL = "-Owholemodule";
				VALIDATE_PRODUCT = YES;
			};
			name = Release;
		};
		84A307BC2166497000F58769 /* Debug */ = {
			isa = XCBuildConfiguration;
			baseConfigurationReference = 571721DAB4F7F2F13DBC173D /* Pods-GithubUserTest.debug.xcconfig */;
			buildSettings = {
				ASSETCATALOG_COMPILER_APPICON_NAME = AppIcon;
				CODE_SIGN_STYLE = Automatic;
				INFOPLIST_FILE = GithubUserTest/Info.plist;
				LD_RUNPATH_SEARCH_PATHS = "$(inherited) @executable_path/Frameworks";
				PRODUCT_BUNDLE_IDENTIFIER = id.chrisferdian.GithubUserTest;
				PRODUCT_NAME = "$(TARGET_NAME)";
				SWIFT_VERSION = 4.0;
				TARGETED_DEVICE_FAMILY = "1,2";
			};
			name = Debug;
		};
		84A307BD2166497000F58769 /* Release */ = {
			isa = XCBuildConfiguration;
			baseConfigurationReference = 81C1539AD57475C19BB1243B /* Pods-GithubUserTest.release.xcconfig */;
			buildSettings = {
				ASSETCATALOG_COMPILER_APPICON_NAME = AppIcon;
				CODE_SIGN_STYLE = Automatic;
				INFOPLIST_FILE = GithubUserTest/Info.plist;
				LD_RUNPATH_SEARCH_PATHS = "$(inherited) @executable_path/Frameworks";
				PRODUCT_BUNDLE_IDENTIFIER = id.chrisferdian.GithubUserTest;
				PRODUCT_NAME = "$(TARGET_NAME)";
				SWIFT_VERSION = 4.0;
				TARGETED_DEVICE_FAMILY = "1,2";
			};
			name = Release;
		};
		84A307BF2166497000F58769 /* Debug */ = {
			isa = XCBuildConfiguration;
			baseConfigurationReference = 2C4DC7DF59C004B8CBDA2325 /* Pods-GithubUserTestTests.debug.xcconfig */;
			buildSettings = {
				ALWAYS_EMBED_SWIFT_STANDARD_LIBRARIES = YES;
				BUNDLE_LOADER = "$(TEST_HOST)";
				CODE_SIGN_STYLE = Automatic;
				INFOPLIST_FILE = GithubUserTestTests/Info.plist;
				LD_RUNPATH_SEARCH_PATHS = "$(inherited) @executable_path/Frameworks @loader_path/Frameworks";
				PRODUCT_BUNDLE_IDENTIFIER = id.chrisferdian.GithubUserTestTests;
				PRODUCT_NAME = "$(TARGET_NAME)";
				SWIFT_VERSION = 4.0;
				TARGETED_DEVICE_FAMILY = "1,2";
				TEST_HOST = "$(BUILT_PRODUCTS_DIR)/GithubUserTest.app/GithubUserTest";
			};
			name = Debug;
		};
		84A307C02166497000F58769 /* Release */ = {
			isa = XCBuildConfiguration;
			baseConfigurationReference = F603D27EFEBDA616E266F9BA /* Pods-GithubUserTestTests.release.xcconfig */;
			buildSettings = {
				ALWAYS_EMBED_SWIFT_STANDARD_LIBRARIES = YES;
				BUNDLE_LOADER = "$(TEST_HOST)";
				CODE_SIGN_STYLE = Automatic;
				INFOPLIST_FILE = GithubUserTestTests/Info.plist;
				LD_RUNPATH_SEARCH_PATHS = "$(inherited) @executable_path/Frameworks @loader_path/Frameworks";
				PRODUCT_BUNDLE_IDENTIFIER = id.chrisferdian.GithubUserTestTests;
				PRODUCT_NAME = "$(TARGET_NAME)";
				SWIFT_VERSION = 4.0;
				TARGETED_DEVICE_FAMILY = "1,2";
				TEST_HOST = "$(BUILT_PRODUCTS_DIR)/GithubUserTest.app/GithubUserTest";
			};
			name = Release;
		};
/* End XCBuildConfiguration section */

/* Begin XCConfigurationList section */
		84A307992166497000F58769 /* Build configuration list for PBXProject "GithubUserTest" */ = {
			isa = XCConfigurationList;
			buildConfigurations = (
				84A307B92166497000F58769 /* Debug */,
				84A307BA2166497000F58769 /* Release */,
			);
			defaultConfigurationIsVisible = 0;
			defaultConfigurationName = Release;
		};
		84A307BB2166497000F58769 /* Build configuration list for PBXNativeTarget "GithubUserTest" */ = {
			isa = XCConfigurationList;
			buildConfigurations = (
				84A307BC2166497000F58769 /* Debug */,
				84A307BD2166497000F58769 /* Release */,
			);
			defaultConfigurationIsVisible = 0;
			defaultConfigurationName = Release;
		};
		84A307BE2166497000F58769 /* Build configuration list for PBXNativeTarget "GithubUserTestTests" */ = {
			isa = XCConfigurationList;
			buildConfigurations = (
				84A307BF2166497000F58769 /* Debug */,
				84A307C02166497000F58769 /* Release */,
			);
			defaultConfigurationIsVisible = 0;
			defaultConfigurationName = Release;
		};
/* End XCConfigurationList section */
	};
	rootObject = 84A307962166497000F58769 /* Project object */;
}
