// !$*UTF8*$!
{
	archiveVersion = 1;
	classes = {
	};
	objectVersion = 48;
	objects = {

/* Begin PBXBuildFile section */
		84A307A22166497000F58769 /* AppDelegate.swift in Sources */ = {isa = PBXBuildFile; fileRef = 84A307A12166497000F58769 /* AppDelegate.swift */; };
		84A307A42166497000F58769 /* ViewController.swift in Sources */ = {isa = PBXBuildFile; fileRef = 84A307A32166497000F58769 /* ViewController.swift */; };
		84A307A72166497000F58769 /* Main.storyboard in Resources */ = {isa = PBXBuildFile; fileRef = 84A307A52166497000F58769 /* Main.storyboard */; };
		84A307A92166497000F58769 /* Assets.xcassets in Resources */ = {isa = PBXBuildFile; fileRef = 84A307A82166497000F58769 /* Assets.xcassets */; };
		84A307AC2166497000F58769 /* LaunchScreen.storyboard in Resources */ = {isa = PBXBuildFile; fileRef = 84A307AA2166497000F58769 /* LaunchScreen.storyboard */; };
		84A307B72166497000F58769 /* GithubUserTestTests.swift in Sources */ = {isa = PBXBuildFile; fileRef = 84A307B62166497000F58769 /* GithubUserTestTests.swift */; };
/* End PBXBuildFile section */

/* Begin PBXContainerItemProxy section */
		84A307B32166497000F58769 /* PBXContainerItemProxy */ = {
			isa = PBXContainerItemProxy;
			containerPortal = 84A307962166497000F58769 /* Project object */;
			proxyType = 1;
			remoteGlobalIDString = 84A3079D2166497000F58769;
			remoteInfo = GithubUserTest;
		};
/* End PBXContainerItemProxy section */

/* Begin PBXFileReference section */
		84A3079E2166497000F58769 /* GithubUserTest.app */ = {isa = PBXFileReference; explicitFileType = wrapper.application; includeInIndex = 0; path = GithubUserTest.app; sourceTree = BUILT_PRODUCTS_DIR; };
		84A307A12166497000F58769 /* AppDelegate.swift */ = {isa = PBXFileReference; lastKnownFileType = sourcecode.swift; path = AppDelegate.swift; sourceTree = "<group>"; };
		84A307A32166497000F58769 /* ViewController.swift */ = {isa = PBXFileReference; lastKnownFileType = sourcecode.swift; path = ViewController.swift; sourceTree = "<group>"; };
		84A307A62166497000F58769 /* Base */ = {isa = PBXFileReference; lastKnownFileType = file.storyboard; name = Base; path = Base.lproj/Main.storyboard; sourceTree = "<group>"; };
		84A307A82166497000F58769 /* Assets.xcassets */ = {isa = PBXFileReference; lastKnownFileType = folder.assetcatalog; path = Assets.xcassets; sourceTree = "<group>"; };
		84A307AB2166497000F58769 /* Base */ = {isa = PBXFileReference; lastKnownFileType = file.storyboard; name = Base; path = Base.lproj/LaunchScreen.storyboard; sourceTree = "<group>"; };
		84A307AD2166497000F58769 /* Info.plist */ = {isa = PBXFileReference; lastKnownFileType = text.plist.xml; path = Info.plist; sourceTree = "<group>"; };
		84A307B22166497000F58769 /* GithubUserTestTests.xctest */ = {isa = PBXFileReference; explicitFileType = wrapper.cfbundle; includeInIndex = 0; path = GithubUserTestTests.xctest; sourceTree = BUILT_PRODUCTS_DIR; };
		84A307B62166497000F58769 /* GithubUserTestTests.swift */ = {isa = PBXFileReference; lastKnownFileType = sourcecode.swift; path = GithubUserTestTests.swift; sourceTree = "<group>"; };
		84A307B82166497000F58769 /* Info.plist */ = {isa = PBXFileReference; lastKnownFileType = text.plist.xml; path = Info.plist; sourceTree = "<group>"; };
/* End PBXFileReference section */

/* Begin PBXFrameworksBuildPhase section */
		84A3079B2166497000F58769 /* Frameworks */ = {
			isa = PBXFrameworksBuildPhase;
			buildActionMask = 2147483647;
			files = (
			);
			runOnlyForDeploymentPostprocessing = 0;
		};
		84A307AF2166497000F58769 /* Frameworks */ = {
			isa = PBXFrameworksBuildPhase;
			buildActionMask = 2147483647;
			files = (
			);
			runOnlyForDeploymentPostprocessing = 0;
		};
/* End PBXFrameworksBuildPhase section */

/* Begin PBXGroup section */
		84A307952166497000F58769 = {
			isa = PBXGroup;
			children = (
				84A307A02166497000F58769 /* GithubUserTest */,
				84A307B52166497000F58769 /* GithubUserTestTests */,
				84A3079F2166497000F58769 /* Products */,
			);
			sourceTree = "<group>";
		};
		84A3079F2166497000F58769 /* Products */ = {
			isa = PBXGroup;
			children = (
				84A3079E2166497000F58769 /* GithubUserTest.app */,
				84A307B22166497000F58769 /* GithubUserTestTests.xctest */,
			);
			name = Products;
			sourceTree = "<group>";
		};
		84A307A02166497000F58769 /* GithubUserTest */ = {
			isa = PBXGroup;
			children = (
				84A307A12166497000F58769 /* AppDelegate.swift */,
				84A307A32166497000F58769 /* ViewController.swift */,
				84A307A52166497000F58769 /* Main.storyboard */,
				84A307A82166497000F58769 /* Assets.xcassets */,
				84A307AA2166497000F58769 /* LaunchScreen.storyboard */,
				84A307AD2166497000F58769 /* Info.plist */,
			);
			path = GithubUserTest;
			sourceTree = "<group>";
		};
		84A307B52166497000F58769 /* GithubUserTestTests */ = {
			isa = PBXGroup;
			children = (
				84A307B62166497000F58769 /* GithubUserTestTests.swift */,
				84A307B82166497000F58769 /* Info.plist */,
			);
			path = GithubUserTestTests;
			sourceTree = "<group>";
		};
/* End PBXGroup section */

/* Begin PBXNativeTarget section */
		84A3079D2166497000F58769 /* GithubUserTest */ = {
			isa = PBXNativeTarget;
			buildConfigurationList = 84A307BB2166497000F58769 /* Build configuration list for PBXNativeTarget "GithubUserTest" */;
			buildPhases = (
				84A3079A2166497000F58769 /* Sources */,
				84A3079B2166497000F58769 /* Frameworks */,
				84A3079C2166497000F58769 /* Resources */,
			);
			buildRules = (
			);
			dependencies = (
			);
			name = GithubUserTest;
			productName = GithubUserTest;
			productReference = 84A3079E2166497000F58769 /* GithubUserTest.app */;
			productType = "com.apple.product-type.application";
		};
		84A307B12166497000F58769 /* GithubUserTestTests */ = {
			isa = PBXNativeTarget;
			buildConfigurationList = 84A307BE2166497000F58769 /* Build configuration list for PBXNativeTarget "GithubUserTestTests" */;
			buildPhases = (
				84A307AE2166497000F58769 /* Sources */,
				84A307AF2166497000F58769 /* Frameworks */,
				84A307B02166497000F58769 /* Resources */,
			);
			buildRules = (
			);
			dependencies = (
				84A307B42166497000F58769 /* PBXTargetDependency */,
			);
			name = GithubUserTestTests;
			productName = GithubUserTestTests;
			productReference = 84A307B22166497000F58769 /* GithubUserTestTests.xctest */;
			productType = "com.apple.product-type.bundle.unit-test";
		};
/* End PBXNativeTarget section */

/* Begin PBXProject section */
		84A307962166497000F58769 /* Project object */ = {
			isa = PBXProject;
			attributes = {
				LastSwiftUpdateCheck = 0920;
				LastUpgradeCheck = 0920;
				ORGANIZATIONNAME = "Chris Ferdian";
				TargetAttributes = {
					84A3079D2166497000F58769 = {
						CreatedOnToolsVersion = 9.2;
						ProvisioningStyle = Automatic;
					};
					84A307B12166497000F58769 = {
						CreatedOnToolsVersion = 9.2;
						ProvisioningStyle = Automatic;
						TestTargetID = 84A3079D2166497000F58769;
					};
				};
			};
			buildConfigurationList = 84A307992166497000F58769 /* Build configuration list for PBXProject "GithubUserTest" */;
			compatibilityVersion = "Xcode 8.0";
			developmentRegion = en;
			hasScannedForEncodings = 0;
			knownRegions = (
				en,
				Base,
			);
			mainGroup = 84A307952166497000F58769;
			productRefGroup = 84A3079F2166497000F58769 /* Products */;
			projectDirPath = "";
			projectRoot = "";
			targets = (
				84A3079D2166497000F58769 /* GithubUserTest */,
				84A307B12166497000F58769 /* GithubUserTestTests */,
			);
		};
/* End PBXProject section */

/* Begin PBXResourcesBuildPhase section */
		84A3079C2166497000F58769 /* Resources */ = {
			isa = PBXResourcesBuildPhase;
			buildActionMask = 2147483647;
			files = (
				84A307AC2166497000F58769 /* LaunchScreen.storyboard in Resources */,
				84A307A92166497000F58769 /* Assets.xcassets in Resources */,
				84A307A72166497000F58769 /* Main.storyboard in Resources */,
			);
			runOnlyForDeploymentPostprocessing = 0;
		};
		84A307B02166497000F58769 /* Resources */ = {
			isa = PBXResourcesBuildPhase;
			buildActionMask = 2147483647;
			files = (
			);
			runOnlyForDeploymentPostprocessing = 0;
		};
/* End PBXResourcesBuildPhase section */

/* Begin PBXSourcesBuildPhase section */
		84A3079A2166497000F58769 /* Sources */ = {
			isa = PBXSourcesBuildPhase;
			buildActionMask = 2147483647;
			files = (
				84A307A42166497000F58769 /* ViewController.swift in Sources */,
				84A307A22166497000F58769 /* AppDelegate.swift in Sources */,
			);
			runOnlyForDeploymentPostprocessing = 0;
		};
		84A307AE2166497000F58769 /* Sources */ = {
			isa = PBXSourcesBuildPhase;
			buildActionMask = 2147483647;
			files = (
				84A307B72166497000F58769 /* GithubUserTestTests.swift in Sources */,
			);
			runOnlyForDeploymentPostprocessing = 0;
		};
/* End PBXSourcesBuildPhase section */

/* Begin PBXTargetDependency section */
		84A307B42166497000F58769 /* PBXTargetDependency */ = {
			isa = PBXTargetDependency;
			target = 84A3079D2166497000F58769 /* GithubUserTest */;
			targetProxy = 84A307B32166497000F58769 /* PBXContainerItemProxy */;
		};
/* End PBXTargetDependency section */

/* Begin PBXVariantGroup section */
		84A307A52166497000F58769 /* Main.storyboard */ = {
			isa = PBXVariantGroup;
			children = (
				84A307A62166497000F58769 /* Base */,
			);
			name = Main.storyboard;
			sourceTree = "<group>";
		};
		84A307AA2166497000F58769 /* LaunchScreen.storyboard */ = {
			isa = PBXVariantGroup;
			children = (
				84A307AB2166497000F58769 /* Base */,
			);
			name = LaunchScreen.storyboard;
			sourceTree = "<group>";
		};
/* End PBXVariantGroup section */

/* Begin XCBuildConfiguration section */
		84A307B92166497000F58769 /* Debug */ = {
			isa = XCBuildConfiguration;
			buildSettings = {
				ALWAYS_SEARCH_USER_PATHS = NO;
				CLANG_ANALYZER_NONNULL = YES;
				CLANG_ANALYZER_NUMBER_OBJECT_CONVERSION = YES_AGGRESSIVE;
				CLANG_CXX_LANGUAGE_STANDARD = "gnu++14";
				CLANG_CXX_LIBRARY = "libc++";
				CLANG_ENABLE_MODULES = YES;
				CLANG_ENABLE_OBJC_ARC = YES;
				CLANG_WARN_BLOCK_CAPTURE_AUTORELEASING = YES;
				CLANG_WARN_BOOL_CONVERSION = YES;
				CLANG_WARN_COMMA = YES;
				CLANG_WARN_CONSTANT_CONVERSION = YES;
				CLANG_WARN_DIRECT_OBJC_ISA_USAGE = YES_ERROR;
				CLANG_WARN_DOCUMENTATION_COMMENTS = YES;
				CLANG_WARN_EMPTY_BODY = YES;
				CLANG_WARN_ENUM_CONVERSION = YES;
				CLANG_WARN_INFINITE_RECURSION = YES;
				CLANG_WARN_INT_CONVERSION = YES;
				CLANG_WARN_NON_LITERAL_NULL_CONVERSION = YES;
				CLANG_WARN_OBJC_LITERAL_CONVERSION = YES;
				CLANG_WARN_OBJC_ROOT_CLASS = YES_ERROR;
				CLANG_WARN_RANGE_LOOP_ANALYSIS = YES;
				CLANG_WARN_STRICT_PROTOTYPES = YES;
				CLANG_WARN_SUSPICIOUS_MOVE = YES;
				CLANG_WARN_UNGUARDED_AVAILABILITY = YES_AGGRESSIVE;
				CLANG_WARN_UNREACHABLE_CODE = YES;
				CLANG_WARN__DUPLICATE_METHOD_MATCH = YES;
				CODE_SIGN_IDENTITY = "iPhone Developer";
				COPY_PHASE_STRIP = NO;
				DEBUG_INFORMATION_FORMAT = dwarf;
				ENABLE_STRICT_OBJC_MSGSEND = YES;
				ENABLE_TESTABILITY = YES;
				GCC_C_LANGUAGE_STANDARD = gnu11;
				GCC_DYNAMIC_NO_PIC = NO;
				GCC_NO_COMMON_BLOCKS = YES;
				GCC_OPTIMIZATION_LEVEL = 0;
				GCC_PREPROCESSOR_DEFINITIONS = (
					"DEBUG=1",
					"$(inherited)",
				);
				GCC_WARN_64_TO_32_BIT_CONVERSION = YES;
				GCC_WARN_ABOUT_RETURN_TYPE = YES_ERROR;
				GCC_WARN_UNDECLARED_SELECTOR = YES;
				GCC_WARN_UNINITIALIZED_AUTOS = YES_AGGRESSIVE;
				GCC_WARN_UNUSED_FUNCTION = YES;
				GCC_WARN_UNUSED_VARIABLE = YES;
				IPHONEOS_DEPLOYMENT_TARGET = 11.2;
				MTL_ENABLE_DEBUG_INFO = YES;
				ONLY_ACTIVE_ARCH = YES;
				SDKROOT = iphoneos;
				SWIFT_ACTIVE_COMPILATION_CONDITIONS = DEBUG;
				SWIFT_OPTIMIZATION_LEVEL = "-Onone";
			};
			name = Debug;
		};
		84A307BA2166497000F58769 /* Release */ = {
			isa = XCBuildConfiguration;
			buildSettings = {
				ALWAYS_SEARCH_USER_PATHS = NO;
				CLANG_ANALYZER_NONNULL = YES;
				CLANG_ANALYZER_NUMBER_OBJECT_CONVERSION = YES_AGGRESSIVE;
				CLANG_CXX_LANGUAGE_STANDARD = "gnu++14";
				CLANG_CXX_LIBRARY = "libc++";
				CLANG_ENABLE_MODULES = YES;
				CLANG_ENABLE_OBJC_ARC = YES;
				CLANG_WARN_BLOCK_CAPTURE_AUTORELEASING = YES;
				CLANG_WARN_BOOL_CONVERSION = YES;
				CLANG_WARN_COMMA = YES;
				CLANG_WARN_CONSTANT_CONVERSION = YES;
				CLANG_WARN_DIRECT_OBJC_ISA_USAGE = YES_ERROR;
				CLANG_WARN_DOCUMENTATION_COMMENTS = YES;
				CLANG_WARN_EMPTY_BODY = YES;
				CLANG_WARN_ENUM_CONVERSION = YES;
				CLANG_WARN_INFINITE_RECURSION = YES;
				CLANG_WARN_INT_CONVERSION = YES;
				CLANG_WARN_NON_LITERAL_NULL_CONVERSION = YES;
				CLANG_WARN_OBJC_LITERAL_CONVERSION = YES;
				CLANG_WARN_OBJC_ROOT_CLASS = YES_ERROR;
				CLANG_WARN_RANGE_LOOP_ANALYSIS = YES;
				CLANG_WARN_STRICT_PROTOTYPES = YES;
				CLANG_WARN_SUSPICIOUS_MOVE = YES;
				CLANG_WARN_UNGUARDED_AVAILABILITY = YES_AGGRESSIVE;
				CLANG_WARN_UNREACHABLE_CODE = YES;
				CLANG_WARN__DUPLICATE_METHOD_MATCH = YES;
				CODE_SIGN_IDENTITY = "iPhone Developer";
				COPY_PHASE_STRIP = NO;
				DEBUG_INFORMATION_FORMAT = "dwarf-with-dsym";
				ENABLE_NS_ASSERTIONS = NO;
				ENABLE_STRICT_OBJC_MSGSEND = YES;
				GCC_C_LANGUAGE_STANDARD = gnu11;
				GCC_NO_COMMON_BLOCKS = YES;
				GCC_WARN_64_TO_32_BIT_CONVERSION = YES;
				GCC_WARN_ABOUT_RETURN_TYPE = YES_ERROR;
				GCC_WARN_UNDECLARED_SELECTOR = YES;
				GCC_WARN_UNINITIALIZED_AUTOS = YES_AGGRESSIVE;
				GCC_WARN_UNUSED_FUNCTION = YES;
				GCC_WARN_UNUSED_VARIABLE = YES;
				IPHONEOS_DEPLOYMENT_TARGET = 11.2;
				MTL_ENABLE_DEBUG_INFO = NO;
				SDKROOT = iphoneos;
				SWIFT_OPTIMIZATION_LEVEL = "-Owholemodule";
				VALIDATE_PRODUCT = YES;
			};
			name = Release;
		};
		84A307BC2166497000F58769 /* Debug */ = {
			isa = XCBuildConfiguration;
			buildSettings = {
				ASSETCATALOG_COMPILER_APPICON_NAME = AppIcon;
				CODE_SIGN_STYLE = Automatic;
				INFOPLIST_FILE = GithubUserTest/Info.plist;
				LD_RUNPATH_SEARCH_PATHS = "$(inherited) @executable_path/Frameworks";
				PRODUCT_BUNDLE_IDENTIFIER = id.chrisferdian.GithubUserTest;
				PRODUCT_NAME = "$(TARGET_NAME)";
				SWIFT_VERSION = 4.0;
				TARGETED_DEVICE_FAMILY = "1,2";
			};
			name = Debug;
		};
		84A307BD2166497000F58769 /* Release */ = {
			isa = XCBuildConfiguration;
			buildSettings = {
				ASSETCATALOG_COMPILER_APPICON_NAME = AppIcon;
				CODE_SIGN_STYLE = Automatic;
				INFOPLIST_FILE = GithubUserTest/Info.plist;
				LD_RUNPATH_SEARCH_PATHS = "$(inherited) @executable_path/Frameworks";
				PRODUCT_BUNDLE_IDENTIFIER = id.chrisferdian.GithubUserTest;
				PRODUCT_NAME = "$(TARGET_NAME)";
				SWIFT_VERSION = 4.0;
				TARGETED_DEVICE_FAMILY = "1,2";
			};
			name = Release;
		};
		84A307BF2166497000F58769 /* Debug */ = {
			isa = XCBuildConfiguration;
			buildSettings = {
				ALWAYS_EMBED_SWIFT_STANDARD_LIBRARIES = YES;
				BUNDLE_LOADER = "$(TEST_HOST)";
				CODE_SIGN_STYLE = Automatic;
				INFOPLIST_FILE = GithubUserTestTests/Info.plist;
				LD_RUNPATH_SEARCH_PATHS = "$(inherited) @executable_path/Frameworks @loader_path/Frameworks";
				PRODUCT_BUNDLE_IDENTIFIER = id.chrisferdian.GithubUserTestTests;
				PRODUCT_NAME = "$(TARGET_NAME)";
				SWIFT_VERSION = 4.0;
				TARGETED_DEVICE_FAMILY = "1,2";
				TEST_HOST = "$(BUILT_PRODUCTS_DIR)/GithubUserTest.app/GithubUserTest";
			};
			name = Debug;
		};
		84A307C02166497000F58769 /* Release */ = {
			isa = XCBuildConfiguration;
			buildSettings = {
				ALWAYS_EMBED_SWIFT_STANDARD_LIBRARIES = YES;
				BUNDLE_LOADER = "$(TEST_HOST)";
				CODE_SIGN_STYLE = Automatic;
				INFOPLIST_FILE = GithubUserTestTests/Info.plist;
				LD_RUNPATH_SEARCH_PATHS = "$(inherited) @executable_path/Frameworks @loader_path/Frameworks";
				PRODUCT_BUNDLE_IDENTIFIER = id.chrisferdian.GithubUserTestTests;
				PRODUCT_NAME = "$(TARGET_NAME)";
				SWIFT_VERSION = 4.0;
				TARGETED_DEVICE_FAMILY = "1,2";
				TEST_HOST = "$(BUILT_PRODUCTS_DIR)/GithubUserTest.app/GithubUserTest";
			};
			name = Release;
		};
/* End XCBuildConfiguration section */

/* Begin XCConfigurationList section */
		84A307992166497000F58769 /* Build configuration list for PBXProject "GithubUserTest" */ = {
			isa = XCConfigurationList;
			buildConfigurations = (
				84A307B92166497000F58769 /* Debug */,
				84A307BA2166497000F58769 /* Release */,
			);
			defaultConfigurationIsVisible = 0;
			defaultConfigurationName = Release;
		};
		84A307BB2166497000F58769 /* Build configuration list for PBXNativeTarget "GithubUserTest" */ = {
			isa = XCConfigurationList;
			buildConfigurations = (
				84A307BC2166497000F58769 /* Debug */,
				84A307BD2166497000F58769 /* Release */,
			);
			defaultConfigurationIsVisible = 0;
			defaultConfigurationName = Release;
		};
		84A307BE2166497000F58769 /* Build configuration list for PBXNativeTarget "GithubUserTestTests" */ = {
			isa = XCConfigurationList;
			buildConfigurations = (
				84A307BF2166497000F58769 /* Debug */,
				84A307C02166497000F58769 /* Release */,
			);
			defaultConfigurationIsVisible = 0;
			defaultConfigurationName = Release;
		};
/* End XCConfigurationList section */
	};
	rootObject = 84A307962166497000F58769 /* Project object */;
}
